
Microsoft Visual Studio Solution File, Format Version 12.00
# Visual Studio Version 17
VisualStudioVersion = 17.13.35931.197 d17.13
MinimumVisualStudioVersion = 10.0.40219.1
Project("{FAE04EC0-301F-11D3-BF4B-00C04F79EFBC}") = "Mahlzeit", "Mahlzeit\Mahlzeit.csproj", "{0E4BDACE-A11F-4308-B547-FCC964ADEFDB}"
EndProject
Global
	GlobalSection(SolutionConfigurationPlatforms) = preSolution
		Debug|Any CPU = Debug|Any CPU
		Release|Any CPU = Release|Any CPU
	EndGlobalSection
	GlobalSection(ProjectConfigurationPlatforms) = postSolution
		{0E4BDACE-A11F-4308-B547-FCC964ADEFDB}.Debug|Any CPU.ActiveCfg = Debug|Any CPU
		{0E4BDACE-A11F-4308-B547-FCC964ADEFDB}.Debug|Any CPU.Build.0 = Debug|Any CPU
		{0E4BDACE-A11F-4308-B547-FCC964ADEFDB}.Release|Any CPU.ActiveCfg = Release|Any CPU
		{0E4BDACE-A11F-4308-B547-FCC964ADEFDB}.Release|Any CPU.Build.0 = Release|Any CPU
	EndGlobalSection
	GlobalSection(SolutionProperties) = preSolution
		HideSolutionNode = FALSE
	EndGlobalSection
	GlobalSection(ExtensibilityGlobals) = postSolution
		SolutionGuid = {B53EFA73-E6BC-489F-ACFB-D16001D1583A}
	EndGlobalSection
EndGlobal
